// !$*UTF8*$!
{
	archiveVersion = 1;
	classes = {
	};
	objectVersion = 46;
	objects = {

/* Begin PBXBuildFile section */
		E3811F2C1B5F204B00248BA0 /* Tokenizer.swift in Sources */ = {isa = PBXBuildFile; fileRef = E3811F2B1B5F204B00248BA0 /* Tokenizer.swift */; };
		E3811F2D1B5F204B00248BA0 /* Tokenizer.swift in Sources */ = {isa = PBXBuildFile; fileRef = E3811F2B1B5F204B00248BA0 /* Tokenizer.swift */; };
		E3C5EF8F1B5B091200AF07B9 /* main.swift in Sources */ = {isa = PBXBuildFile; fileRef = E3C5EF8E1B5B091200AF07B9 /* main.swift */; };
		E3C5EF961B5B0A8E00AF07B9 /* Token.swift in Sources */ = {isa = PBXBuildFile; fileRef = E3C5EF951B5B0A8E00AF07B9 /* Token.swift */; };
		E3C5EF981B5B0D6100AF07B9 /* Lexer.swift in Sources */ = {isa = PBXBuildFile; fileRef = E3C5EF971B5B0D6100AF07B9 /* Lexer.swift */; };
		E3C5EFA01B5BDB6E00AF07B9 /* tibasic_unit_test.swift in Sources */ = {isa = PBXBuildFile; fileRef = E3C5EF9F1B5BDB6E00AF07B9 /* tibasic_unit_test.swift */; };
		E3C5EFA51B5BDB9000AF07B9 /* Lexer.swift in Sources */ = {isa = PBXBuildFile; fileRef = E3C5EF971B5B0D6100AF07B9 /* Lexer.swift */; };
		E3C5EFA61B5BDD8E00AF07B9 /* Token.swift in Sources */ = {isa = PBXBuildFile; fileRef = E3C5EF951B5B0A8E00AF07B9 /* Token.swift */; };
/* End PBXBuildFile section */

/* Begin PBXCopyFilesBuildPhase section */
		E3C5EF891B5B091200AF07B9 /* CopyFiles */ = {
			isa = PBXCopyFilesBuildPhase;
			buildActionMask = 2147483647;
			dstPath = /usr/share/man/man1/;
			dstSubfolderSpec = 0;
			files = (
			);
			runOnlyForDeploymentPostprocessing = 1;
		};
/* End PBXCopyFilesBuildPhase section */

/* Begin PBXFileReference section */
		E3811F2B1B5F204B00248BA0 /* Tokenizer.swift */ = {isa = PBXFileReference; fileEncoding = 4; lastKnownFileType = sourcecode.swift; path = Tokenizer.swift; sourceTree = "<group>"; };
		E3C5EF8B1B5B091200AF07B9 /* tibasic */ = {isa = PBXFileReference; explicitFileType = "compiled.mach-o.executable"; includeInIndex = 0; path = tibasic; sourceTree = BUILT_PRODUCTS_DIR; };
		E3C5EF8E1B5B091200AF07B9 /* main.swift */ = {isa = PBXFileReference; lastKnownFileType = sourcecode.swift; path = main.swift; sourceTree = "<group>"; };
		E3C5EF951B5B0A8E00AF07B9 /* Token.swift */ = {isa = PBXFileReference; fileEncoding = 4; lastKnownFileType = sourcecode.swift; path = Token.swift; sourceTree = "<group>"; };
		E3C5EF971B5B0D6100AF07B9 /* Lexer.swift */ = {isa = PBXFileReference; fileEncoding = 4; lastKnownFileType = sourcecode.swift; path = Lexer.swift; sourceTree = "<group>"; };
		E3C5EF9D1B5BDB6E00AF07B9 /* tibasic-unit-test.xctest */ = {isa = PBXFileReference; explicitFileType = wrapper.cfbundle; includeInIndex = 0; path = "tibasic-unit-test.xctest"; sourceTree = BUILT_PRODUCTS_DIR; };
		E3C5EF9F1B5BDB6E00AF07B9 /* tibasic_unit_test.swift */ = {isa = PBXFileReference; lastKnownFileType = sourcecode.swift; path = tibasic_unit_test.swift; sourceTree = "<group>"; };
		E3C5EFA11B5BDB6E00AF07B9 /* Info.plist */ = {isa = PBXFileReference; lastKnownFileType = text.plist.xml; path = Info.plist; sourceTree = "<group>"; };
/* End PBXFileReference section */

/* Begin PBXFrameworksBuildPhase section */
		E3C5EF881B5B091200AF07B9 /* Frameworks */ = {
			isa = PBXFrameworksBuildPhase;
			buildActionMask = 2147483647;
			files = (
			);
			runOnlyForDeploymentPostprocessing = 0;
		};
		E3C5EF9A1B5BDB6E00AF07B9 /* Frameworks */ = {
			isa = PBXFrameworksBuildPhase;
			buildActionMask = 2147483647;
			files = (
			);
			runOnlyForDeploymentPostprocessing = 0;
		};
/* End PBXFrameworksBuildPhase section */

/* Begin PBXGroup section */
		E3C5EF821B5B091200AF07B9 = {
			isa = PBXGroup;
			children = (
				E3C5EF8D1B5B091200AF07B9 /* tibasic */,
				E3C5EF9E1B5BDB6E00AF07B9 /* tibasic-unit-test */,
				E3C5EF8C1B5B091200AF07B9 /* Products */,
			);
			sourceTree = "<group>";
		};
		E3C5EF8C1B5B091200AF07B9 /* Products */ = {
			isa = PBXGroup;
			children = (
				E3C5EF8B1B5B091200AF07B9 /* tibasic */,
				E3C5EF9D1B5BDB6E00AF07B9 /* tibasic-unit-test.xctest */,
			);
			name = Products;
			sourceTree = "<group>";
		};
		E3C5EF8D1B5B091200AF07B9 /* tibasic */ = {
			isa = PBXGroup;
			children = (
				E3C5EF8E1B5B091200AF07B9 /* main.swift */,
				E3C5EF951B5B0A8E00AF07B9 /* Token.swift */,
				E3C5EF971B5B0D6100AF07B9 /* Lexer.swift */,
				E3811F2B1B5F204B00248BA0 /* Tokenizer.swift */,
			);
			path = tibasic;
			sourceTree = "<group>";
		};
		E3C5EF9E1B5BDB6E00AF07B9 /* tibasic-unit-test */ = {
			isa = PBXGroup;
			children = (
				E3C5EF9F1B5BDB6E00AF07B9 /* tibasic_unit_test.swift */,
				E3C5EFA11B5BDB6E00AF07B9 /* Info.plist */,
			);
			path = "tibasic-unit-test";
			sourceTree = "<group>";
		};
/* End PBXGroup section */

/* Begin PBXNativeTarget section */
		E3C5EF8A1B5B091200AF07B9 /* tibasic */ = {
			isa = PBXNativeTarget;
			buildConfigurationList = E3C5EF921B5B091200AF07B9 /* Build configuration list for PBXNativeTarget "tibasic" */;
			buildPhases = (
				E3C5EF871B5B091200AF07B9 /* Sources */,
				E3C5EF881B5B091200AF07B9 /* Frameworks */,
				E3C5EF891B5B091200AF07B9 /* CopyFiles */,
			);
			buildRules = (
			);
			dependencies = (
			);
			name = tibasic;
			productName = tibasic;
			productReference = E3C5EF8B1B5B091200AF07B9 /* tibasic */;
			productType = "com.apple.product-type.tool";
		};
		E3C5EF9C1B5BDB6E00AF07B9 /* tibasic-unit-test */ = {
			isa = PBXNativeTarget;
			buildConfigurationList = E3C5EFA21B5BDB6E00AF07B9 /* Build configuration list for PBXNativeTarget "tibasic-unit-test" */;
			buildPhases = (
				E3C5EF991B5BDB6E00AF07B9 /* Sources */,
				E3C5EF9A1B5BDB6E00AF07B9 /* Frameworks */,
				E3C5EF9B1B5BDB6E00AF07B9 /* Resources */,
			);
			buildRules = (
			);
			dependencies = (
			);
			name = "tibasic-unit-test";
			productName = "tibasic-unit-test";
			productReference = E3C5EF9D1B5BDB6E00AF07B9 /* tibasic-unit-test.xctest */;
			productType = "com.apple.product-type.bundle.unit-test";
		};
/* End PBXNativeTarget section */

/* Begin PBXProject section */
		E3C5EF831B5B091200AF07B9 /* Project object */ = {
			isa = PBXProject;
			attributes = {
				LastUpgradeCheck = 0700;
				ORGANIZATIONNAME = "Michael Welch";
				TargetAttributes = {
					E3C5EF8A1B5B091200AF07B9 = {
						CreatedOnToolsVersion = 7.0;
					};
					E3C5EF9C1B5BDB6E00AF07B9 = {
						CreatedOnToolsVersion = 7.0;
					};
				};
			};
			buildConfigurationList = E3C5EF861B5B091200AF07B9 /* Build configuration list for PBXProject "tibasic" */;
			compatibilityVersion = "Xcode 3.2";
			developmentRegion = English;
			hasScannedForEncodings = 0;
			knownRegions = (
				en,
			);
			mainGroup = E3C5EF821B5B091200AF07B9;
			productRefGroup = E3C5EF8C1B5B091200AF07B9 /* Products */;
			projectDirPath = "";
			projectRoot = "";
			targets = (
				E3C5EF8A1B5B091200AF07B9 /* tibasic */,
				E3C5EF9C1B5BDB6E00AF07B9 /* tibasic-unit-test */,
			);
		};
/* End PBXProject section */

/* Begin PBXResourcesBuildPhase section */
		E3C5EF9B1B5BDB6E00AF07B9 /* Resources */ = {
			isa = PBXResourcesBuildPhase;
			buildActionMask = 2147483647;
			files = (
			);
			runOnlyForDeploymentPostprocessing = 0;
		};
/* End PBXResourcesBuildPhase section */

/* Begin PBXSourcesBuildPhase section */
		E3C5EF871B5B091200AF07B9 /* Sources */ = {
			isa = PBXSourcesBuildPhase;
			buildActionMask = 2147483647;
			files = (
				E3C5EF8F1B5B091200AF07B9 /* main.swift in Sources */,
				E3811F2C1B5F204B00248BA0 /* Tokenizer.swift in Sources */,
				E3C5EF981B5B0D6100AF07B9 /* Lexer.swift in Sources */,
				E3C5EF961B5B0A8E00AF07B9 /* Token.swift in Sources */,
			);
			runOnlyForDeploymentPostprocessing = 0;
		};
		E3C5EF991B5BDB6E00AF07B9 /* Sources */ = {
			isa = PBXSourcesBuildPhase;
			buildActionMask = 2147483647;
			files = (
				E3C5EFA61B5BDD8E00AF07B9 /* Token.swift in Sources */,
				E3811F2D1B5F204B00248BA0 /* Tokenizer.swift in Sources */,
				E3C5EFA51B5BDB9000AF07B9 /* Lexer.swift in Sources */,
				E3C5EFA01B5BDB6E00AF07B9 /* tibasic_unit_test.swift in Sources */,
			);
			runOnlyForDeploymentPostprocessing = 0;
		};
/* End PBXSourcesBuildPhase section */

/* Begin XCBuildConfiguration section */
		E3C5EF901B5B091200AF07B9 /* Debug */ = {
			isa = XCBuildConfiguration;
			buildSettings = {
				ALWAYS_SEARCH_USER_PATHS = NO;
				CLANG_CXX_LANGUAGE_STANDARD = "gnu++0x";
				CLANG_CXX_LIBRARY = "libc++";
				CLANG_ENABLE_MODULES = YES;
				CLANG_ENABLE_OBJC_ARC = YES;
				CLANG_WARN_BOOL_CONVERSION = YES;
				CLANG_WARN_CONSTANT_CONVERSION = YES;
				CLANG_WARN_DIRECT_OBJC_ISA_USAGE = YES_ERROR;
				CLANG_WARN_EMPTY_BODY = YES;
				CLANG_WARN_ENUM_CONVERSION = YES;
				CLANG_WARN_INT_CONVERSION = YES;
				CLANG_WARN_OBJC_ROOT_CLASS = YES_ERROR;
				CLANG_WARN_UNREACHABLE_CODE = YES;
				CLANG_WARN__DUPLICATE_METHOD_MATCH = YES;
				COPY_PHASE_STRIP = NO;
				DEBUG_INFORMATION_FORMAT = dwarf;
				ENABLE_STRICT_OBJC_MSGSEND = YES;
				ENABLE_TESTABILITY = YES;
				GCC_C_LANGUAGE_STANDARD = gnu99;
				GCC_DYNAMIC_NO_PIC = NO;
				GCC_NO_COMMON_BLOCKS = YES;
				GCC_OPTIMIZATION_LEVEL = 0;
				GCC_PREPROCESSOR_DEFINITIONS = (
					"DEBUG=1",
					"$(inherited)",
				);
				GCC_WARN_64_TO_32_BIT_CONVERSION = YES;
				GCC_WARN_ABOUT_RETURN_TYPE = YES_ERROR;
				GCC_WARN_UNDECLARED_SELECTOR = YES;
				GCC_WARN_UNINITIALIZED_AUTOS = YES_AGGRESSIVE;
				GCC_WARN_UNUSED_FUNCTION = YES;
				GCC_WARN_UNUSED_VARIABLE = YES;
				MACOSX_DEPLOYMENT_TARGET = 10.10;
				MTL_ENABLE_DEBUG_INFO = YES;
				ONLY_ACTIVE_ARCH = YES;
				SDKROOT = macosx;
				SWIFT_OPTIMIZATION_LEVEL = "-Onone";
			};
			name = Debug;
		};
		E3C5EF911B5B091200AF07B9 /* Release */ = {
			isa = XCBuildConfiguration;
			buildSettings = {
				ALWAYS_SEARCH_USER_PATHS = NO;
				CLANG_CXX_LANGUAGE_STANDARD = "gnu++0x";
				CLANG_CXX_LIBRARY = "libc++";
				CLANG_ENABLE_MODULES = YES;
				CLANG_ENABLE_OBJC_ARC = YES;
				CLANG_WARN_BOOL_CONVERSION = YES;
				CLANG_WARN_CONSTANT_CONVERSION = YES;
				CLANG_WARN_DIRECT_OBJC_ISA_USAGE = YES_ERROR;
				CLANG_WARN_EMPTY_BODY = YES;
				CLANG_WARN_ENUM_CONVERSION = YES;
				CLANG_WARN_INT_CONVERSION = YES;
				CLANG_WARN_OBJC_ROOT_CLASS = YES_ERROR;
				CLANG_WARN_UNREACHABLE_CODE = YES;
				CLANG_WARN__DUPLICATE_METHOD_MATCH = YES;
				COPY_PHASE_STRIP = NO;
				DEBUG_INFORMATION_FORMAT = "dwarf-with-dsym";
				ENABLE_NS_ASSERTIONS = NO;
				ENABLE_STRICT_OBJC_MSGSEND = YES;
				GCC_C_LANGUAGE_STANDARD = gnu99;
				GCC_NO_COMMON_BLOCKS = YES;
				GCC_WARN_64_TO_32_BIT_CONVERSION = YES;
				GCC_WARN_ABOUT_RETURN_TYPE = YES_ERROR;
				GCC_WARN_UNDECLARED_SELECTOR = YES;
				GCC_WARN_UNINITIALIZED_AUTOS = YES_AGGRESSIVE;
				GCC_WARN_UNUSED_FUNCTION = YES;
				GCC_WARN_UNUSED_VARIABLE = YES;
				MACOSX_DEPLOYMENT_TARGET = 10.10;
				MTL_ENABLE_DEBUG_INFO = NO;
				SDKROOT = macosx;
			};
			name = Release;
		};
		E3C5EF931B5B091200AF07B9 /* Debug */ = {
			isa = XCBuildConfiguration;
			buildSettings = {
				PRODUCT_NAME = "$(TARGET_NAME)";
			};
			name = Debug;
		};
		E3C5EF941B5B091200AF07B9 /* Release */ = {
			isa = XCBuildConfiguration;
			buildSettings = {
				PRODUCT_NAME = "$(TARGET_NAME)";
			};
			name = Release;
		};
		E3C5EFA31B5BDB6E00AF07B9 /* Debug */ = {
			isa = XCBuildConfiguration;
			buildSettings = {
				COMBINE_HIDPI_IMAGES = YES;
				INFOPLIST_FILE = "tibasic-unit-test/Info.plist";
				LD_RUNPATH_SEARCH_PATHS = "$(inherited) @executable_path/../Frameworks @loader_path/../Frameworks";
				PRODUCT_BUNDLE_IDENTIFIER = "com.welch.tibasic-unit-test";
				PRODUCT_NAME = "$(TARGET_NAME)";
			};
			name = Debug;
		};
		E3C5EFA41B5BDB6E00AF07B9 /* Release */ = {
			isa = XCBuildConfiguration;
			buildSettings = {
				COMBINE_HIDPI_IMAGES = YES;
				INFOPLIST_FILE = "tibasic-unit-test/Info.plist";
				LD_RUNPATH_SEARCH_PATHS = "$(inherited) @executable_path/../Frameworks @loader_path/../Frameworks";
				PRODUCT_BUNDLE_IDENTIFIER = "com.welch.tibasic-unit-test";
				PRODUCT_NAME = "$(TARGET_NAME)";
			};
			name = Release;
		};
/* End XCBuildConfiguration section */

/* Begin XCConfigurationList section */
		E3C5EF861B5B091200AF07B9 /* Build configuration list for PBXProject "tibasic" */ = {
			isa = XCConfigurationList;
			buildConfigurations = (
				E3C5EF901B5B091200AF07B9 /* Debug */,
				E3C5EF911B5B091200AF07B9 /* Release */,
			);
			defaultConfigurationIsVisible = 0;
			defaultConfigurationName = Release;
		};
		E3C5EF921B5B091200AF07B9 /* Build configuration list for PBXNativeTarget "tibasic" */ = {
			isa = XCConfigurationList;
			buildConfigurations = (
				E3C5EF931B5B091200AF07B9 /* Debug */,
				E3C5EF941B5B091200AF07B9 /* Release */,
			);
			defaultConfigurationIsVisible = 0;
			defaultConfigurationName = Release;
		};
		E3C5EFA21B5BDB6E00AF07B9 /* Build configuration list for PBXNativeTarget "tibasic-unit-test" */ = {
			isa = XCConfigurationList;
			buildConfigurations = (
				E3C5EFA31B5BDB6E00AF07B9 /* Debug */,
				E3C5EFA41B5BDB6E00AF07B9 /* Release */,
			);
			defaultConfigurationIsVisible = 0;
			defaultConfigurationName = Release;
		};
/* End XCConfigurationList section */
	};
	rootObject = E3C5EF831B5B091200AF07B9 /* Project object */;
}
